// !$*UTF8*$!
{
	archiveVersion = 1;
	classes = {
	};
	objectVersion = 77;
	objects = {

/* Begin PBXBuildFile section */
		F4409BC92DF143F70048051F /* PrimaryButtonTests.swift in Sources */ = {isa = PBXBuildFile; fileRef = F4409BC62DF143F70048051F /* PrimaryButtonTests.swift */; };
		F4409BE12DF144070048051F /* NavigationBarSample.swift in Sources */ = {isa = PBXBuildFile; fileRef = F4409BDC2DF144070048051F /* NavigationBarSample.swift */; };
		F4409BE22DF144070048051F /* SwiftUIKitApp.swift in Sources */ = {isa = PBXBuildFile; fileRef = F4409BDD2DF144070048051F /* SwiftUIKitApp.swift */; };
		F4409BE32DF144070048051F /* SwiftUIKitDemoApp.swift in Sources */ = {isa = PBXBuildFile; fileRef = F4409BDE2DF144070048051F /* SwiftUIKitDemoApp.swift */; };
		F4409BE42DF144070048051F /* Preview Assets.xcassets in Resources */ = {isa = PBXBuildFile; fileRef = F4409BD82DF144070048051F /* Preview Assets.xcassets */; };
		F4409BE52DF144070048051F /* Assets.xcassets in Resources */ = {isa = PBXBuildFile; fileRef = F4409BDA2DF144070048051F /* Assets.xcassets */; };
/* End PBXBuildFile section */

/* Begin PBXContainerItemProxy section */
		F4409B9C2DF1425A0048051F /* PBXContainerItemProxy */ = {
			isa = PBXContainerItemProxy;
			containerPortal = F4409B822DF142580048051F /* Project object */;
			proxyType = 1;
			remoteGlobalIDString = F4409B892DF142580048051F;
			remoteInfo = SwiftUIKit;
		};
		F4409BA62DF1425A0048051F /* PBXContainerItemProxy */ = {
			isa = PBXContainerItemProxy;
			containerPortal = F4409B822DF142580048051F /* Project object */;
			proxyType = 1;
			remoteGlobalIDString = F4409B892DF142580048051F;
			remoteInfo = SwiftUIKit;
		};
/* End PBXContainerItemProxy section */

/* Begin PBXFileReference section */
		F4409B8A2DF142580048051F /* SwiftUIKit.app */ = {isa = PBXFileReference; explicitFileType = wrapper.application; includeInIndex = 0; path = SwiftUIKit.app; sourceTree = BUILT_PRODUCTS_DIR; };
		F4409B9B2DF1425A0048051F /* SwiftUIKitTests.xctest */ = {isa = PBXFileReference; explicitFileType = wrapper.cfbundle; includeInIndex = 0; path = SwiftUIKitTests.xctest; sourceTree = BUILT_PRODUCTS_DIR; };
		F4409BA52DF1425A0048051F /* SwiftUIKitUITests.xctest */ = {isa = PBXFileReference; explicitFileType = wrapper.cfbundle; includeInIndex = 0; path = SwiftUIKitUITests.xctest; sourceTree = BUILT_PRODUCTS_DIR; };
		F4409BC62DF143F70048051F /* PrimaryButtonTests.swift */ = {isa = PBXFileReference; lastKnownFileType = sourcecode.swift; path = PrimaryButtonTests.swift; sourceTree = "<group>"; };
		F4409BD82DF144070048051F /* Preview Assets.xcassets */ = {isa = PBXFileReference; lastKnownFileType = folder.assetcatalog; path = "Preview Assets.xcassets"; sourceTree = "<group>"; };
		F4409BDA2DF144070048051F /* Assets.xcassets */ = {isa = PBXFileReference; lastKnownFileType = folder.assetcatalog; path = Assets.xcassets; sourceTree = "<group>"; };
		F4409BDC2DF144070048051F /* NavigationBarSample.swift */ = {isa = PBXFileReference; lastKnownFileType = sourcecode.swift; path = NavigationBarSample.swift; sourceTree = "<group>"; };
		F4409BDD2DF144070048051F /* SwiftUIKitApp.swift */ = {isa = PBXFileReference; lastKnownFileType = sourcecode.swift; path = SwiftUIKitApp.swift; sourceTree = "<group>"; };
		F4409BDE2DF144070048051F /* SwiftUIKitDemoApp.swift */ = {isa = PBXFileReference; lastKnownFileType = sourcecode.swift; path = SwiftUIKitDemoApp.swift; sourceTree = "<group>"; };
/* End PBXFileReference section */

/* Begin PBXFrameworksBuildPhase section */
		F4409B872DF142580048051F /* Frameworks */ = {
			isa = PBXFrameworksBuildPhase;
			buildActionMask = 2147483647;
			files = (
			);
			runOnlyForDeploymentPostprocessing = 0;
		};
		F4409B982DF1425A0048051F /* Frameworks */ = {
			isa = PBXFrameworksBuildPhase;
			buildActionMask = 2147483647;
			files = (
			);
			runOnlyForDeploymentPostprocessing = 0;
		};
		F4409BA22DF1425A0048051F /* Frameworks */ = {
			isa = PBXFrameworksBuildPhase;
			buildActionMask = 2147483647;
			files = (
			);
			runOnlyForDeploymentPostprocessing = 0;
		};
/* End PBXFrameworksBuildPhase section */

/* Begin PBXGroup section */
		F4409B812DF142580048051F = {
			isa = PBXGroup;
			children = (
				F4409BE02DF144070048051F /* Examples */,
				F4409B8B2DF142580048051F /* Products */,
				F4409BC82DF143F70048051F /* Tests */,
			);
			sourceTree = "<group>";
		};
		F4409B8B2DF142580048051F /* Products */ = {
			isa = PBXGroup;
			children = (
				F4409B8A2DF142580048051F /* SwiftUIKit.app */,
				F4409B9B2DF1425A0048051F /* SwiftUIKitTests.xctest */,
				F4409BA52DF1425A0048051F /* SwiftUIKitUITests.xctest */,
			);
			name = Products;
			sourceTree = "<group>";
		};
		F4409BC72DF143F70048051F /* ComponentsTests */ = {
			isa = PBXGroup;
			children = (
				F4409BC62DF143F70048051F /* PrimaryButtonTests.swift */,
			);
			path = ComponentsTests;
			sourceTree = "<group>";
		};
		F4409BC82DF143F70048051F /* Tests */ = {
			isa = PBXGroup;
			children = (
				F4409BC72DF143F70048051F /* ComponentsTests */,
			);
			path = Tests;
			sourceTree = "<group>";
		};
		F4409BD92DF144070048051F /* Preview Content */ = {
			isa = PBXGroup;
			children = (
				F4409BD82DF144070048051F /* Preview Assets.xcassets */,
			);
			path = "Preview Content";
			sourceTree = "<group>";
		};
		F4409BDB2DF144070048051F /* Resources */ = {
			isa = PBXGroup;
			children = (
				F4409BD92DF144070048051F /* Preview Content */,
				F4409BDA2DF144070048051F /* Assets.xcassets */,
			);
			path = Resources;
			sourceTree = "<group>";
		};
		F4409BDF2DF144070048051F /* Sources */ = {
			isa = PBXGroup;
			children = (
				F4409BDC2DF144070048051F /* NavigationBarSample.swift */,
				F4409BDD2DF144070048051F /* SwiftUIKitApp.swift */,
				F4409BDE2DF144070048051F /* SwiftUIKitDemoApp.swift */,
			);
			path = Sources;
			sourceTree = "<group>";
		};
		F4409BE02DF144070048051F /* Examples */ = {
			isa = PBXGroup;
			children = (
				F4409BDB2DF144070048051F /* Resources */,
				F4409BDF2DF144070048051F /* Sources */,
			);
			path = Examples;
			sourceTree = "<group>";
		};
/* End PBXGroup section */

/* Begin PBXNativeTarget section */
		F4409B892DF142580048051F /* SwiftUIKit */ = {
			isa = PBXNativeTarget;
			buildConfigurationList = F4409BAF2DF1425A0048051F /* Build configuration list for PBXNativeTarget "SwiftUIKit" */;
			buildPhases = (
				F4409B862DF142580048051F /* Sources */,
				F4409B872DF142580048051F /* Frameworks */,
				F4409B882DF142580048051F /* Resources */,
			);
			buildRules = (
			);
			dependencies = (
			);
			name = SwiftUIKit;
			packageProductDependencies = (
			);
			productName = SwiftUIKit;
			productReference = F4409B8A2DF142580048051F /* SwiftUIKit.app */;
			productType = "com.apple.product-type.application";
		};
		F4409B9A2DF1425A0048051F /* SwiftUIKitTests */ = {
			isa = PBXNativeTarget;
			buildConfigurationList = F4409BB22DF1425A0048051F /* Build configuration list for PBXNativeTarget "SwiftUIKitTests" */;
			buildPhases = (
				F4409B972DF1425A0048051F /* Sources */,
				F4409B982DF1425A0048051F /* Frameworks */,
				F4409B992DF1425A0048051F /* Resources */,
			);
			buildRules = (
			);
			dependencies = (
				F4409B9D2DF1425A0048051F /* PBXTargetDependency */,
			);
			name = SwiftUIKitTests;
			packageProductDependencies = (
			);
			productName = SwiftUIKitTests;
			productReference = F4409B9B2DF1425A0048051F /* SwiftUIKitTests.xctest */;
			productType = "com.apple.product-type.bundle.unit-test";
		};
		F4409BA42DF1425A0048051F /* SwiftUIKitUITests */ = {
			isa = PBXNativeTarget;
			buildConfigurationList = F4409BB52DF1425A0048051F /* Build configuration list for PBXNativeTarget "SwiftUIKitUITests" */;
			buildPhases = (
				F4409BA12DF1425A0048051F /* Sources */,
				F4409BA22DF1425A0048051F /* Frameworks */,
				F4409BA32DF1425A0048051F /* Resources */,
			);
			buildRules = (
			);
			dependencies = (
				F4409BA72DF1425A0048051F /* PBXTargetDependency */,
			);
			name = SwiftUIKitUITests;
			packageProductDependencies = (
			);
			productName = SwiftUIKitUITests;
			productReference = F4409BA52DF1425A0048051F /* SwiftUIKitUITests.xctest */;
			productType = "com.apple.product-type.bundle.ui-testing";
		};
/* End PBXNativeTarget section */

/* Begin PBXProject section */
		F4409B822DF142580048051F /* Project object */ = {
			isa = PBXProject;
			attributes = {
				BuildIndependentTargetsInParallel = 1;
				LastSwiftUpdateCheck = 1620;
				LastUpgradeCheck = 1620;
				TargetAttributes = {
					F4409B892DF142580048051F = {
						CreatedOnToolsVersion = 16.2;
					};
					F4409B9A2DF1425A0048051F = {
						CreatedOnToolsVersion = 16.2;
						TestTargetID = F4409B892DF142580048051F;
					};
					F4409BA42DF1425A0048051F = {
						CreatedOnToolsVersion = 16.2;
						TestTargetID = F4409B892DF142580048051F;
					};
				};
			};
			buildConfigurationList = F4409B852DF142580048051F /* Build configuration list for PBXProject "SwiftUIKit" */;
			developmentRegion = en;
			hasScannedForEncodings = 0;
			knownRegions = (
				en,
				Base,
			);
			mainGroup = F4409B812DF142580048051F;
			minimizedProjectReferenceProxies = 1;
			preferredProjectObjectVersion = 77;
			productRefGroup = F4409B8B2DF142580048051F /* Products */;
			projectDirPath = "";
			projectRoot = "";
			targets = (
				F4409B892DF142580048051F /* SwiftUIKit */,
				F4409B9A2DF1425A0048051F /* SwiftUIKitTests */,
				F4409BA42DF1425A0048051F /* SwiftUIKitUITests */,
			);
		};
/* End PBXProject section */

/* Begin PBXResourcesBuildPhase section */
		F4409B882DF142580048051F /* Resources */ = {
			isa = PBXResourcesBuildPhase;
			buildActionMask = 2147483647;
			files = (
				F4409BE42DF144070048051F /* Preview Assets.xcassets in Resources */,
				F4409BE52DF144070048051F /* Assets.xcassets in Resources */,
			);
			runOnlyForDeploymentPostprocessing = 0;
		};
		F4409B992DF1425A0048051F /* Resources */ = {
			isa = PBXResourcesBuildPhase;
			buildActionMask = 2147483647;
			files = (
			);
			runOnlyForDeploymentPostprocessing = 0;
		};
		F4409BA32DF1425A0048051F /* Resources */ = {
			isa = PBXResourcesBuildPhase;
			buildActionMask = 2147483647;
			files = (
			);
			runOnlyForDeploymentPostprocessing = 0;
		};
/* End PBXResourcesBuildPhase section */

/* Begin PBXSourcesBuildPhase section */
		F4409B862DF142580048051F /* Sources */ = {
			isa = PBXSourcesBuildPhase;
			buildActionMask = 2147483647;
			files = (
				F4409BE12DF144070048051F /* NavigationBarSample.swift in Sources */,
				F4409BE22DF144070048051F /* SwiftUIKitApp.swift in Sources */,
				F4409BE32DF144070048051F /* SwiftUIKitDemoApp.swift in Sources */,
			);
			runOnlyForDeploymentPostprocessing = 0;
		};
		F4409B972DF1425A0048051F /* Sources */ = {
			isa = PBXSourcesBuildPhase;
			buildActionMask = 2147483647;
			files = (
				F4409BC92DF143F70048051F /* PrimaryButtonTests.swift in Sources */,
			);
			runOnlyForDeploymentPostprocessing = 0;
		};
		F4409BA12DF1425A0048051F /* Sources */ = {
			isa = PBXSourcesBuildPhase;
			buildActionMask = 2147483647;
			files = (
			);
			runOnlyForDeploymentPostprocessing = 0;
		};
/* End PBXSourcesBuildPhase section */

/* Begin PBXTargetDependency section */
		F4409B9D2DF1425A0048051F /* PBXTargetDependency */ = {
			isa = PBXTargetDependency;
			target = F4409B892DF142580048051F /* SwiftUIKit */;
			targetProxy = F4409B9C2DF1425A0048051F /* PBXContainerItemProxy */;
		};
		F4409BA72DF1425A0048051F /* PBXTargetDependency */ = {
			isa = PBXTargetDependency;
			target = F4409B892DF142580048051F /* SwiftUIKit */;
			targetProxy = F4409BA62DF1425A0048051F /* PBXContainerItemProxy */;
		};
/* End PBXTargetDependency section */

/* Begin XCBuildConfiguration section */
		F4409BAD2DF1425A0048051F /* Debug */ = {
			isa = XCBuildConfiguration;
			buildSettings = {
				ALWAYS_SEARCH_USER_PATHS = NO;
				ASSETCATALOG_COMPILER_GENERATE_SWIFT_ASSET_SYMBOL_EXTENSIONS = YES;
				CLANG_ANALYZER_NONNULL = YES;
				CLANG_ANALYZER_NUMBER_OBJECT_CONVERSION = YES_AGGRESSIVE;
				CLANG_CXX_LANGUAGE_STANDARD = "gnu++20";
				CLANG_ENABLE_MODULES = YES;
				CLANG_ENABLE_OBJC_ARC = YES;
				CLANG_ENABLE_OBJC_WEAK = YES;
				CLANG_WARN_BLOCK_CAPTURE_AUTORELEASING = YES;
				CLANG_WARN_BOOL_CONVERSION = YES;
				CLANG_WARN_COMMA = YES;
				CLANG_WARN_CONSTANT_CONVERSION = YES;
				CLANG_WARN_DEPRECATED_OBJC_IMPLEMENTATIONS = YES;
				CLANG_WARN_DIRECT_OBJC_ISA_USAGE = YES_ERROR;
				CLANG_WARN_DOCUMENTATION_COMMENTS = YES;
				CLANG_WARN_EMPTY_BODY = YES;
				CLANG_WARN_ENUM_CONVERSION = YES;
				CLANG_WARN_INFINITE_RECURSION = YES;
				CLANG_WARN_INT_CONVERSION = YES;
				CLANG_WARN_NON_LITERAL_NULL_CONVERSION = YES;
				CLANG_WARN_OBJC_IMPLICIT_RETAIN_SELF = YES;
				CLANG_WARN_OBJC_LITERAL_CONVERSION = YES;
				CLANG_WARN_OBJC_ROOT_CLASS = YES_ERROR;
				CLANG_WARN_QUOTED_INCLUDE_IN_FRAMEWORK_HEADER = YES;
				CLANG_WARN_RANGE_LOOP_ANALYSIS = YES;
				CLANG_WARN_STRICT_PROTOTYPES = YES;
				CLANG_WARN_SUSPICIOUS_MOVE = YES;
				CLANG_WARN_UNGUARDED_AVAILABILITY = YES_AGGRESSIVE;
				CLANG_WARN_UNREACHABLE_CODE = YES;
				CLANG_WARN__DUPLICATE_METHOD_MATCH = YES;
				COPY_PHASE_STRIP = NO;
				DEBUG_INFORMATION_FORMAT = dwarf;
				ENABLE_STRICT_OBJC_MSGSEND = YES;
				ENABLE_TESTABILITY = YES;
				ENABLE_USER_SCRIPT_SANDBOXING = YES;
				GCC_C_LANGUAGE_STANDARD = gnu17;
				GCC_DYNAMIC_NO_PIC = NO;
				GCC_NO_COMMON_BLOCKS = YES;
				GCC_OPTIMIZATION_LEVEL = 0;
				GCC_PREPROCESSOR_DEFINITIONS = (
					"DEBUG=1",
					"$(inherited)",
				);
				GCC_WARN_64_TO_32_BIT_CONVERSION = YES;
				GCC_WARN_ABOUT_RETURN_TYPE = YES_ERROR;
				GCC_WARN_UNDECLARED_SELECTOR = YES;
				GCC_WARN_UNINITIALIZED_AUTOS = YES_AGGRESSIVE;
				GCC_WARN_UNUSED_FUNCTION = YES;
				GCC_WARN_UNUSED_VARIABLE = YES;
				LOCALIZATION_PREFERS_STRING_CATALOGS = YES;
				MTL_ENABLE_DEBUG_INFO = INCLUDE_SOURCE;
				MTL_FAST_MATH = YES;
				ONLY_ACTIVE_ARCH = YES;
				SWIFT_ACTIVE_COMPILATION_CONDITIONS = "DEBUG $(inherited)";
				SWIFT_OPTIMIZATION_LEVEL = "-Onone";
			};
			name = Debug;
		};
		F4409BAE2DF1425A0048051F /* Release */ = {
			isa = XCBuildConfiguration;
			buildSettings = {
				ALWAYS_SEARCH_USER_PATHS = NO;
				ASSETCATALOG_COMPILER_GENERATE_SWIFT_ASSET_SYMBOL_EXTENSIONS = YES;
				CLANG_ANALYZER_NONNULL = YES;
				CLANG_ANALYZER_NUMBER_OBJECT_CONVERSION = YES_AGGRESSIVE;
				CLANG_CXX_LANGUAGE_STANDARD = "gnu++20";
				CLANG_ENABLE_MODULES = YES;
				CLANG_ENABLE_OBJC_ARC = YES;
				CLANG_ENABLE_OBJC_WEAK = YES;
				CLANG_WARN_BLOCK_CAPTURE_AUTORELEASING = YES;
				CLANG_WARN_BOOL_CONVERSION = YES;
				CLANG_WARN_COMMA = YES;
				CLANG_WARN_CONSTANT_CONVERSION = YES;
				CLANG_WARN_DEPRECATED_OBJC_IMPLEMENTATIONS = YES;
				CLANG_WARN_DIRECT_OBJC_ISA_USAGE = YES_ERROR;
				CLANG_WARN_DOCUMENTATION_COMMENTS = YES;
				CLANG_WARN_EMPTY_BODY = YES;
				CLANG_WARN_ENUM_CONVERSION = YES;
				CLANG_WARN_INFINITE_RECURSION = YES;
				CLANG_WARN_INT_CONVERSION = YES;
				CLANG_WARN_NON_LITERAL_NULL_CONVERSION = YES;
				CLANG_WARN_OBJC_IMPLICIT_RETAIN_SELF = YES;
				CLANG_WARN_OBJC_LITERAL_CONVERSION = YES;
				CLANG_WARN_OBJC_ROOT_CLASS = YES_ERROR;
				CLANG_WARN_QUOTED_INCLUDE_IN_FRAMEWORK_HEADER = YES;
				CLANG_WARN_RANGE_LOOP_ANALYSIS = YES;
				CLANG_WARN_STRICT_PROTOTYPES = YES;
				CLANG_WARN_SUSPICIOUS_MOVE = YES;
				CLANG_WARN_UNGUARDED_AVAILABILITY = YES_AGGRESSIVE;
				CLANG_WARN_UNREACHABLE_CODE = YES;
				CLANG_WARN__DUPLICATE_METHOD_MATCH = YES;
				COPY_PHASE_STRIP = NO;
				DEBUG_INFORMATION_FORMAT = "dwarf-with-dsym";
				ENABLE_NS_ASSERTIONS = NO;
				ENABLE_STRICT_OBJC_MSGSEND = YES;
				ENABLE_USER_SCRIPT_SANDBOXING = YES;
				GCC_C_LANGUAGE_STANDARD = gnu17;
				GCC_NO_COMMON_BLOCKS = YES;
				GCC_WARN_64_TO_32_BIT_CONVERSION = YES;
				GCC_WARN_ABOUT_RETURN_TYPE = YES_ERROR;
				GCC_WARN_UNDECLARED_SELECTOR = YES;
				GCC_WARN_UNINITIALIZED_AUTOS = YES_AGGRESSIVE;
				GCC_WARN_UNUSED_FUNCTION = YES;
				GCC_WARN_UNUSED_VARIABLE = YES;
				LOCALIZATION_PREFERS_STRING_CATALOGS = YES;
				MTL_ENABLE_DEBUG_INFO = NO;
				MTL_FAST_MATH = YES;
				SWIFT_COMPILATION_MODE = wholemodule;
			};
			name = Release;
		};
		F4409BB02DF1425A0048051F /* Debug */ = {
			isa = XCBuildConfiguration;
			buildSettings = {
				ASSETCATALOG_COMPILER_APPICON_NAME = AppIcon;
				ASSETCATALOG_COMPILER_GLOBAL_ACCENT_COLOR_NAME = AccentColor;
				CODE_SIGN_ENTITLEMENTS = SwiftUIKit/SwiftUIKit.entitlements;
				CODE_SIGN_STYLE = Automatic;
				CURRENT_PROJECT_VERSION = 1;
				DEVELOPMENT_ASSET_PATHS = "\"SwiftUIKit/Preview Content\"";
				ENABLE_PREVIEWS = YES;
				GENERATE_INFOPLIST_FILE = YES;
				"INFOPLIST_KEY_UIApplicationSceneManifest_Generation[sdk=iphoneos*]" = YES;
				"INFOPLIST_KEY_UIApplicationSceneManifest_Generation[sdk=iphonesimulator*]" = YES;
				"INFOPLIST_KEY_UIApplicationSupportsIndirectInputEvents[sdk=iphoneos*]" = YES;
				"INFOPLIST_KEY_UIApplicationSupportsIndirectInputEvents[sdk=iphonesimulator*]" = YES;
				"INFOPLIST_KEY_UILaunchScreen_Generation[sdk=iphoneos*]" = YES;
				"INFOPLIST_KEY_UILaunchScreen_Generation[sdk=iphonesimulator*]" = YES;
				"INFOPLIST_KEY_UIStatusBarStyle[sdk=iphoneos*]" = UIStatusBarStyleDefault;
				"INFOPLIST_KEY_UIStatusBarStyle[sdk=iphonesimulator*]" = UIStatusBarStyleDefault;
				INFOPLIST_KEY_UISupportedInterfaceOrientations_iPad = "UIInterfaceOrientationPortrait UIInterfaceOrientationPortraitUpsideDown UIInterfaceOrientationLandscapeLeft UIInterfaceOrientationLandscapeRight";
				INFOPLIST_KEY_UISupportedInterfaceOrientations_iPhone = "UIInterfaceOrientationPortrait UIInterfaceOrientationLandscapeLeft UIInterfaceOrientationLandscapeRight";
				IPHONEOS_DEPLOYMENT_TARGET = 18.2;
				LD_RUNPATH_SEARCH_PATHS = "@executable_path/Frameworks";
				"LD_RUNPATH_SEARCH_PATHS[sdk=macosx*]" = "@executable_path/../Frameworks";
				MACOSX_DEPLOYMENT_TARGET = 14.7;
				MARKETING_VERSION = 1.0;
				PRODUCT_BUNDLE_IDENTIFIER = com.example.SwiftUIKit;
				PRODUCT_NAME = "$(TARGET_NAME)";
				SDKROOT = auto;
				SUPPORTED_PLATFORMS = "iphoneos iphonesimulator macosx xros xrsimulator";
				SWIFT_EMIT_LOC_STRINGS = YES;
				SWIFT_VERSION = 5.0;
				TARGETED_DEVICE_FAMILY = "1,2,7";
				XROS_DEPLOYMENT_TARGET = 2.2;
			};
			name = Debug;
		};
		F4409BB12DF1425A0048051F /* Release */ = {
			isa = XCBuildConfiguration;
			buildSettings = {
				ASSETCATALOG_COMPILER_APPICON_NAME = AppIcon;
				ASSETCATALOG_COMPILER_GLOBAL_ACCENT_COLOR_NAME = AccentColor;
				CODE_SIGN_ENTITLEMENTS = SwiftUIKit/SwiftUIKit.entitlements;
				CODE_SIGN_STYLE = Automatic;
				CURRENT_PROJECT_VERSION = 1;
				DEVELOPMENT_ASSET_PATHS = "\"SwiftUIKit/Preview Content\"";
				ENABLE_PREVIEWS = YES;
				GENERATE_INFOPLIST_FILE = YES;
				"INFOPLIST_KEY_UIApplicationSceneManifest_Generation[sdk=iphoneos*]" = YES;
				"INFOPLIST_KEY_UIApplicationSceneManifest_Generation[sdk=iphonesimulator*]" = YES;
				"INFOPLIST_KEY_UIApplicationSupportsIndirectInputEvents[sdk=iphoneos*]" = YES;
				"INFOPLIST_KEY_UIApplicationSupportsIndirectInputEvents[sdk=iphonesimulator*]" = YES;
				"INFOPLIST_KEY_UILaunchScreen_Generation[sdk=iphoneos*]" = YES;
				"INFOPLIST_KEY_UILaunchScreen_Generation[sdk=iphonesimulator*]" = YES;
				"INFOPLIST_KEY_UIStatusBarStyle[sdk=iphoneos*]" = UIStatusBarStyleDefault;
				"INFOPLIST_KEY_UIStatusBarStyle[sdk=iphonesimulator*]" = UIStatusBarStyleDefault;
				INFOPLIST_KEY_UISupportedInterfaceOrientations_iPad = "UIInterfaceOrientationPortrait UIInterfaceOrientationPortraitUpsideDown UIInterfaceOrientationLandscapeLeft UIInterfaceOrientationLandscapeRight";
				INFOPLIST_KEY_UISupportedInterfaceOrientations_iPhone = "UIInterfaceOrientationPortrait UIInterfaceOrientationLandscapeLeft UIInterfaceOrientationLandscapeRight";
				IPHONEOS_DEPLOYMENT_TARGET = 18.2;
				LD_RUNPATH_SEARCH_PATHS = "@executable_path/Frameworks";
				"LD_RUNPATH_SEARCH_PATHS[sdk=macosx*]" = "@executable_path/../Frameworks";
				MACOSX_DEPLOYMENT_TARGET = 14.7;
				MARKETING_VERSION = 1.0;
				PRODUCT_BUNDLE_IDENTIFIER = com.example.SwiftUIKit;
				PRODUCT_NAME = "$(TARGET_NAME)";
				SDKROOT = auto;
				SUPPORTED_PLATFORMS = "iphoneos iphonesimulator macosx xros xrsimulator";
				SWIFT_EMIT_LOC_STRINGS = YES;
				SWIFT_VERSION = 5.0;
				TARGETED_DEVICE_FAMILY = "1,2,7";
				XROS_DEPLOYMENT_TARGET = 2.2;
			};
			name = Release;
		};
		F4409BB32DF1425A0048051F /* Debug */ = {
			isa = XCBuildConfiguration;
			buildSettings = {
				BUNDLE_LOADER = "$(TEST_HOST)";
				CODE_SIGN_STYLE = Automatic;
				CURRENT_PROJECT_VERSION = 1;
				GENERATE_INFOPLIST_FILE = YES;
				IPHONEOS_DEPLOYMENT_TARGET = 18.2;
				MACOSX_DEPLOYMENT_TARGET = 14.7;
				MARKETING_VERSION = 1.0;
				PRODUCT_BUNDLE_IDENTIFIER = com.example.SwiftUIKitTests;
				PRODUCT_NAME = "$(TARGET_NAME)";
				SDKROOT = auto;
				SUPPORTED_PLATFORMS = "iphoneos iphonesimulator macosx xros xrsimulator";
				SWIFT_EMIT_LOC_STRINGS = NO;
				SWIFT_VERSION = 5.0;
				TARGETED_DEVICE_FAMILY = "1,2,7";
				TEST_HOST = "$(BUILT_PRODUCTS_DIR)/SwiftUIKit.app/$(BUNDLE_EXECUTABLE_FOLDER_PATH)/SwiftUIKit";
				XROS_DEPLOYMENT_TARGET = 2.2;
			};
			name = Debug;
		};
		F4409BB42DF1425A0048051F /* Release */ = {
			isa = XCBuildConfiguration;
			buildSettings = {
				BUNDLE_LOADER = "$(TEST_HOST)";
				CODE_SIGN_STYLE = Automatic;
				CURRENT_PROJECT_VERSION = 1;
				GENERATE_INFOPLIST_FILE = YES;
				IPHONEOS_DEPLOYMENT_TARGET = 18.2;
				MACOSX_DEPLOYMENT_TARGET = 14.7;
				MARKETING_VERSION = 1.0;
				PRODUCT_BUNDLE_IDENTIFIER = com.example.SwiftUIKitTests;
				PRODUCT_NAME = "$(TARGET_NAME)";
				SDKROOT = auto;
				SUPPORTED_PLATFORMS = "iphoneos iphonesimulator macosx xros xrsimulator";
				SWIFT_EMIT_LOC_STRINGS = NO;
				SWIFT_VERSION = 5.0;
				TARGETED_DEVICE_FAMILY = "1,2,7";
				TEST_HOST = "$(BUILT_PRODUCTS_DIR)/SwiftUIKit.app/$(BUNDLE_EXECUTABLE_FOLDER_PATH)/SwiftUIKit";
				XROS_DEPLOYMENT_TARGET = 2.2;
			};
			name = Release;
		};
		F4409BB62DF1425A0048051F /* Debug */ = {
			isa = XCBuildConfiguration;
			buildSettings = {
				CODE_SIGN_STYLE = Automatic;
				CURRENT_PROJECT_VERSION = 1;
				GENERATE_INFOPLIST_FILE = YES;
				IPHONEOS_DEPLOYMENT_TARGET = 18.2;
				MACOSX_DEPLOYMENT_TARGET = 14.7;
				MARKETING_VERSION = 1.0;
				PRODUCT_BUNDLE_IDENTIFIER = com.example.SwiftUIKitUITests;
				PRODUCT_NAME = "$(TARGET_NAME)";
				SDKROOT = auto;
				SUPPORTED_PLATFORMS = "iphoneos iphonesimulator macosx xros xrsimulator";
				SWIFT_EMIT_LOC_STRINGS = NO;
				SWIFT_VERSION = 5.0;
				TARGETED_DEVICE_FAMILY = "1,2,7";
				TEST_TARGET_NAME = SwiftUIKit;
				XROS_DEPLOYMENT_TARGET = 2.2;
			};
			name = Debug;
		};
		F4409BB72DF1425A0048051F /* Release */ = {
			isa = XCBuildConfiguration;
			buildSettings = {
				CODE_SIGN_STYLE = Automatic;
				CURRENT_PROJECT_VERSION = 1;
				GENERATE_INFOPLIST_FILE = YES;
				IPHONEOS_DEPLOYMENT_TARGET = 18.2;
				MACOSX_DEPLOYMENT_TARGET = 14.7;
				MARKETING_VERSION = 1.0;
				PRODUCT_BUNDLE_IDENTIFIER = com.example.SwiftUIKitUITests;
				PRODUCT_NAME = "$(TARGET_NAME)";
				SDKROOT = auto;
				SUPPORTED_PLATFORMS = "iphoneos iphonesimulator macosx xros xrsimulator";
				SWIFT_EMIT_LOC_STRINGS = NO;
				SWIFT_VERSION = 5.0;
				TARGETED_DEVICE_FAMILY = "1,2,7";
				TEST_TARGET_NAME = SwiftUIKit;
				XROS_DEPLOYMENT_TARGET = 2.2;
			};
			name = Release;
		};
/* End XCBuildConfiguration section */

/* Begin XCConfigurationList section */
		F4409B852DF142580048051F /* Build configuration list for PBXProject "SwiftUIKit" */ = {
			isa = XCConfigurationList;
			buildConfigurations = (
				F4409BAD2DF1425A0048051F /* Debug */,
				F4409BAE2DF1425A0048051F /* Release */,
			);
			defaultConfigurationIsVisible = 0;
			defaultConfigurationName = Release;
		};
		F4409BAF2DF1425A0048051F /* Build configuration list for PBXNativeTarget "SwiftUIKit" */ = {
			isa = XCConfigurationList;
			buildConfigurations = (
				F4409BB02DF1425A0048051F /* Debug */,
				F4409BB12DF1425A0048051F /* Release */,
			);
			defaultConfigurationIsVisible = 0;
			defaultConfigurationName = Release;
		};
		F4409BB22DF1425A0048051F /* Build configuration list for PBXNativeTarget "SwiftUIKitTests" */ = {
			isa = XCConfigurationList;
			buildConfigurations = (
				F4409BB32DF1425A0048051F /* Debug */,
				F4409BB42DF1425A0048051F /* Release */,
			);
			defaultConfigurationIsVisible = 0;
			defaultConfigurationName = Release;
		};
		F4409BB52DF1425A0048051F /* Build configuration list for PBXNativeTarget "SwiftUIKitUITests" */ = {
			isa = XCConfigurationList;
			buildConfigurations = (
				F4409BB62DF1425A0048051F /* Debug */,
				F4409BB72DF1425A0048051F /* Release */,
			);
			defaultConfigurationIsVisible = 0;
			defaultConfigurationName = Release;
		};
/* End XCConfigurationList section */
	};
	rootObject = F4409B822DF142580048051F /* Project object */;
}
